
Microsoft Visual Studio Solution File, Format Version 12.00
# Visual Studio Version 17
VisualStudioVersion = 17.10.35013.160
MinimumVisualStudioVersion = 10.0.40219.1
Project("{FAE04EC0-301F-11D3-BF4B-00C04F79EFBC}") = "LearnWebAPI", "LearnWebAPI.csproj", "{C6E86BD7-DE4F-441E-9D3D-4D4CEE9C67A2}"
EndProject
Global
	GlobalSection(SolutionConfigurationPlatforms) = preSolution
		Debug|Any CPU = Debug|Any CPU
		Release|Any CPU = Release|Any CPU
	EndGlobalSection
	GlobalSection(ProjectConfigurationPlatforms) = postSolution
		{C6E86BD7-DE4F-441E-9D3D-4D4CEE9C67A2}.Debug|Any CPU.ActiveCfg = Debug|Any CPU
		{C6E86BD7-DE4F-441E-9D3D-4D4CEE9C67A2}.Debug|Any CPU.Build.0 = Debug|Any CPU
		{C6E86BD7-DE4F-441E-9D3D-4D4CEE9C67A2}.Release|Any CPU.ActiveCfg = Release|Any CPU
		{C6E86BD7-DE4F-441E-9D3D-4D4CEE9C67A2}.Release|Any CPU.Build.0 = Release|Any CPU
	EndGlobalSection
	GlobalSection(SolutionProperties) = preSolution
		HideSolutionNode = FALSE
	EndGlobalSection
	GlobalSection(ExtensibilityGlobals) = postSolution
		SolutionGuid = {C57851DB-0D20-4B55-B88D-26530BED955E}
	EndGlobalSection
EndGlobal
